
Microsoft Visual Studio Solution File, Format Version 12.00
# Visual Studio Version 17
VisualStudioVersion = 17.0.31903.59
MinimumVisualStudioVersion = 10.0.40219.1
Project("{FAE04EC0-301F-11D3-BF4B-00C04F79EFBC}") = "APICRUD", "APICRUD\APICRUD.csproj", "{D3BF9D6E-D751-4926-8E5F-D791DF0D6317}"
EndProject
Project("{FAE04EC0-301F-11D3-BF4B-00C04F79EFBC}") = "APICRUD.Services", "APICRUD.Services\APICRUD.Services.csproj", "{0052F5A1-180D-4005-9C00-A6B5F93B21B5}"
EndProject
Project("{FAE04EC0-301F-11D3-BF4B-00C04F79EFBC}") = "APICRUD.Data", "APICRUD.Data\APICRUD.Data.csproj", "{8E553740-0875-416E-BBAB-A291BB1A139A}"
EndProject
Global
	GlobalSection(SolutionConfigurationPlatforms) = preSolution
		Debug|Any CPU = Debug|Any CPU
		Release|Any CPU = Release|Any CPU
	EndGlobalSection
	GlobalSection(SolutionProperties) = preSolution
		HideSolutionNode = FALSE
	EndGlobalSection
	GlobalSection(ProjectConfigurationPlatforms) = postSolution
		{D3BF9D6E-D751-4926-8E5F-D791DF0D6317}.Debug|Any CPU.ActiveCfg = Debug|Any CPU
		{D3BF9D6E-D751-4926-8E5F-D791DF0D6317}.Debug|Any CPU.Build.0 = Debug|Any CPU
		{D3BF9D6E-D751-4926-8E5F-D791DF0D6317}.Release|Any CPU.ActiveCfg = Release|Any CPU
		{D3BF9D6E-D751-4926-8E5F-D791DF0D6317}.Release|Any CPU.Build.0 = Release|Any CPU
		{0052F5A1-180D-4005-9C00-A6B5F93B21B5}.Debug|Any CPU.ActiveCfg = Debug|Any CPU
		{0052F5A1-180D-4005-9C00-A6B5F93B21B5}.Debug|Any CPU.Build.0 = Debug|Any CPU
		{0052F5A1-180D-4005-9C00-A6B5F93B21B5}.Release|Any CPU.ActiveCfg = Release|Any CPU
		{0052F5A1-180D-4005-9C00-A6B5F93B21B5}.Release|Any CPU.Build.0 = Release|Any CPU
		{8E553740-0875-416E-BBAB-A291BB1A139A}.Debug|Any CPU.ActiveCfg = Debug|Any CPU
		{8E553740-0875-416E-BBAB-A291BB1A139A}.Debug|Any CPU.Build.0 = Debug|Any CPU
		{8E553740-0875-416E-BBAB-A291BB1A139A}.Release|Any CPU.ActiveCfg = Release|Any CPU
		{8E553740-0875-416E-BBAB-A291BB1A139A}.Release|Any CPU.Build.0 = Release|Any CPU
	EndGlobalSection
EndGlobal
