Microsoft Visual Studio Solution File, Format Version 12.00
# Visual Studio Version 17
VisualStudioVersion = 17.5.2.0
MinimumVisualStudioVersion = 10.0.40219.1
Project("{FAE04EC0-301F-11D3-BF4B-00C04F79EFBC}") = "ApiCrud", "ApiCrud\ApiCrud.csproj", "{A539A5F4-873D-B76B-4FF8-E9C9BD29D3B6}"
EndProject
Project("{FAE04EC0-301F-11D3-BF4B-00C04F79EFBC}") = "ApiCrud.Data", "ApiCrud.Data\ApiCrud.Data.csproj", "{EC2482FE-44C2-1A4B-BA4F-A7E29BA018E4}"
EndProject
Project("{FAE04EC0-301F-11D3-BF4B-00C04F79EFBC}") = "ApiCrud.Services", "ApiCrud.Services\ApiCrud.Services.csproj", "{DD1B0610-A4DC-D1A9-56EC-F497A72A4AA0}"
EndProject
Global
	GlobalSection(SolutionConfigurationPlatforms) = preSolution
		Debug|Any CPU = Debug|Any CPU
		Release|Any CPU = Release|Any CPU
	EndGlobalSection
	GlobalSection(ProjectConfigurationPlatforms) = postSolution
		{A539A5F4-873D-B76B-4FF8-E9C9BD29D3B6}.Debug|Any CPU.ActiveCfg = Debug|Any CPU
		{A539A5F4-873D-B76B-4FF8-E9C9BD29D3B6}.Debug|Any CPU.Build.0 = Debug|Any CPU
		{A539A5F4-873D-B76B-4FF8-E9C9BD29D3B6}.Release|Any CPU.ActiveCfg = Release|Any CPU
		{A539A5F4-873D-B76B-4FF8-E9C9BD29D3B6}.Release|Any CPU.Build.0 = Release|Any CPU
		{EC2482FE-44C2-1A4B-BA4F-A7E29BA018E4}.Debug|Any CPU.ActiveCfg = Debug|Any CPU
		{EC2482FE-44C2-1A4B-BA4F-A7E29BA018E4}.Debug|Any CPU.Build.0 = Debug|Any CPU
		{EC2482FE-44C2-1A4B-BA4F-A7E29BA018E4}.Release|Any CPU.ActiveCfg = Release|Any CPU
		{EC2482FE-44C2-1A4B-BA4F-A7E29BA018E4}.Release|Any CPU.Build.0 = Release|Any CPU
		{DD1B0610-A4DC-D1A9-56EC-F497A72A4AA0}.Debug|Any CPU.ActiveCfg = Debug|Any CPU
		{DD1B0610-A4DC-D1A9-56EC-F497A72A4AA0}.Debug|Any CPU.Build.0 = Debug|Any CPU
		{DD1B0610-A4DC-D1A9-56EC-F497A72A4AA0}.Release|Any CPU.ActiveCfg = Release|Any CPU
		{DD1B0610-A4DC-D1A9-56EC-F497A72A4AA0}.Release|Any CPU.Build.0 = Release|Any CPU
	EndGlobalSection
	GlobalSection(SolutionProperties) = preSolution
		HideSolutionNode = FALSE
	EndGlobalSection
	GlobalSection(ExtensibilityGlobals) = postSolution
		SolutionGuid = {82CF6826-26D4-4645-A21B-B1ADC3EE1A08}
	EndGlobalSection
EndGlobal
